
Microsoft Visual Studio Solution File, Format Version 12.00
# Visual Studio 15
VisualStudioVersion = 15.0.27130.2036
MinimumVisualStudioVersion = 10.0.40219.1
Project("{9A19103F-16F7-4668-BE54-9A1E7A4F7556}") = "TeleSharp.NetCore2.TL", "TeleSharp.NetCore2.TL\TeleSharp.NetCore2.TL.csproj", "{FA38F7F3-0A65-4177-8778-114B9CD1BC68}"
EndProject
Project("{9A19103F-16F7-4668-BE54-9A1E7A4F7556}") = "BigMath", "BigMath\BigMath.csproj", "{D1CA4F78-FA07-42DE-A2C5-620F133B9B77}"
EndProject
Project("{FAE04EC0-301F-11D3-BF4B-00C04F79EFBC}") = "TLSharp.NetCore2.Core", "TLSharp.NetCore2.Core\TLSharp.NetCore2.Core.csproj", "{1C61E451-F8E7-46D9-B142-05E0CA58ED48}"
EndProject
Project("{FAE04EC0-301F-11D3-BF4B-00C04F79EFBC}") = "TLSharp.NetCore2.Tests", "TLSharp.NetCore2.Tests\TLSharp.NetCore2.Tests.csproj", "{077FE618-33E3-4DE7-B785-5788B4CE75BD}"
EndProject
Project("{FAE04EC0-301F-11D3-BF4B-00C04F79EFBC}") = "TLSharp.Tests.VS", "TLSharp.Tests.VS\TLSharp.Tests.VS.csproj", "{A27B04F6-EE97-432A-BBB9-8BBB9B091FA3}"
EndProject
Global
	GlobalSection(SolutionConfigurationPlatforms) = preSolution
		Debug|Any CPU = Debug|Any CPU
		Release|Any CPU = Release|Any CPU
	EndGlobalSection
	GlobalSection(ProjectConfigurationPlatforms) = postSolution
		{FA38F7F3-0A65-4177-8778-114B9CD1BC68}.Debug|Any CPU.ActiveCfg = Debug|Any CPU
		{FA38F7F3-0A65-4177-8778-114B9CD1BC68}.Debug|Any CPU.Build.0 = Debug|Any CPU
		{FA38F7F3-0A65-4177-8778-114B9CD1BC68}.Release|Any CPU.ActiveCfg = Release|Any CPU
		{FA38F7F3-0A65-4177-8778-114B9CD1BC68}.Release|Any CPU.Build.0 = Release|Any CPU
		{D1CA4F78-FA07-42DE-A2C5-620F133B9B77}.Debug|Any CPU.ActiveCfg = Debug|Any CPU
		{D1CA4F78-FA07-42DE-A2C5-620F133B9B77}.Debug|Any CPU.Build.0 = Debug|Any CPU
		{D1CA4F78-FA07-42DE-A2C5-620F133B9B77}.Release|Any CPU.ActiveCfg = Release|Any CPU
		{D1CA4F78-FA07-42DE-A2C5-620F133B9B77}.Release|Any CPU.Build.0 = Release|Any CPU
		{1C61E451-F8E7-46D9-B142-05E0CA58ED48}.Debug|Any CPU.ActiveCfg = Debug|Any CPU
		{1C61E451-F8E7-46D9-B142-05E0CA58ED48}.Debug|Any CPU.Build.0 = Debug|Any CPU
		{1C61E451-F8E7-46D9-B142-05E0CA58ED48}.Release|Any CPU.ActiveCfg = Release|Any CPU
		{1C61E451-F8E7-46D9-B142-05E0CA58ED48}.Release|Any CPU.Build.0 = Release|Any CPU
		{077FE618-33E3-4DE7-B785-5788B4CE75BD}.Debug|Any CPU.ActiveCfg = Debug|Any CPU
		{077FE618-33E3-4DE7-B785-5788B4CE75BD}.Debug|Any CPU.Build.0 = Debug|Any CPU
		{077FE618-33E3-4DE7-B785-5788B4CE75BD}.Release|Any CPU.ActiveCfg = Release|Any CPU
		{077FE618-33E3-4DE7-B785-5788B4CE75BD}.Release|Any CPU.Build.0 = Release|Any CPU
		{A27B04F6-EE97-432A-BBB9-8BBB9B091FA3}.Debug|Any CPU.ActiveCfg = Debug|Any CPU
		{A27B04F6-EE97-432A-BBB9-8BBB9B091FA3}.Debug|Any CPU.Build.0 = Debug|Any CPU
		{A27B04F6-EE97-432A-BBB9-8BBB9B091FA3}.Release|Any CPU.ActiveCfg = Release|Any CPU
		{A27B04F6-EE97-432A-BBB9-8BBB9B091FA3}.Release|Any CPU.Build.0 = Release|Any CPU
	EndGlobalSection
	GlobalSection(SolutionProperties) = preSolution
		HideSolutionNode = FALSE
	EndGlobalSection
	GlobalSection(ExtensibilityGlobals) = postSolution
		SolutionGuid = {6D2B2649-CB91-4D7A-8266-6A322C1CEB50}
	EndGlobalSection
EndGlobal
